
Microsoft Visual Studio Solution File, Format Version 12.00
# Visual Studio Version 17
VisualStudioVersion = 17.4.33110.190
MinimumVisualStudioVersion = 10.0.40219.1
Project("{8BC9CEB8-8B4A-11D0-8D11-00A0C91BC942}") = "tema3gpc1", "tema3gpc1\tema3gpc1.vcxproj", "{4C545C79-3141-4E41-AB31-9F731D9EC447}"
EndProject
Project("{8BC9CEB8-8B4A-11D0-8D11-00A0C91BC942}") = "tema3gpc1-2", "tema3gpc1-2\tema3gpc1-2.vcxproj", "{CA9CBBD6-FAAF-415D-A168-C7A8D26AFF62}"
EndProject
Global
	GlobalSection(SolutionConfigurationPlatforms) = preSolution
		Debug|x64 = Debug|x64
		Debug|x86 = Debug|x86
		Release|x64 = Release|x64
		Release|x86 = Release|x86
	EndGlobalSection
	GlobalSection(ProjectConfigurationPlatforms) = postSolution
		{4C545C79-3141-4E41-AB31-9F731D9EC447}.Debug|x64.ActiveCfg = Debug|x64
		{4C545C79-3141-4E41-AB31-9F731D9EC447}.Debug|x64.Build.0 = Debug|x64
		{4C545C79-3141-4E41-AB31-9F731D9EC447}.Debug|x86.ActiveCfg = Debug|Win32
		{4C545C79-3141-4E41-AB31-9F731D9EC447}.Debug|x86.Build.0 = Debug|Win32
		{4C545C79-3141-4E41-AB31-9F731D9EC447}.Release|x64.ActiveCfg = Release|x64
		{4C545C79-3141-4E41-AB31-9F731D9EC447}.Release|x64.Build.0 = Release|x64
		{4C545C79-3141-4E41-AB31-9F731D9EC447}.Release|x86.ActiveCfg = Release|Win32
		{4C545C79-3141-4E41-AB31-9F731D9EC447}.Release|x86.Build.0 = Release|Win32
		{CA9CBBD6-FAAF-415D-A168-C7A8D26AFF62}.Debug|x64.ActiveCfg = Debug|x64
		{CA9CBBD6-FAAF-415D-A168-C7A8D26AFF62}.Debug|x64.Build.0 = Debug|x64
		{CA9CBBD6-FAAF-415D-A168-C7A8D26AFF62}.Debug|x86.ActiveCfg = Debug|Win32
		{CA9CBBD6-FAAF-415D-A168-C7A8D26AFF62}.Debug|x86.Build.0 = Debug|Win32
		{CA9CBBD6-FAAF-415D-A168-C7A8D26AFF62}.Release|x64.ActiveCfg = Release|x64
		{CA9CBBD6-FAAF-415D-A168-C7A8D26AFF62}.Release|x64.Build.0 = Release|x64
		{CA9CBBD6-FAAF-415D-A168-C7A8D26AFF62}.Release|x86.ActiveCfg = Release|Win32
		{CA9CBBD6-FAAF-415D-A168-C7A8D26AFF62}.Release|x86.Build.0 = Release|Win32
	EndGlobalSection
	GlobalSection(SolutionProperties) = preSolution
		HideSolutionNode = FALSE
	EndGlobalSection
	GlobalSection(ExtensibilityGlobals) = postSolution
		SolutionGuid = {DF9A0DB7-BDF9-4A9F-B242-E05D9222390F}
	EndGlobalSection
EndGlobal
